
Microsoft Visual Studio Solution File, Format Version 12.00
# Visual Studio 15
VisualStudioVersion = 15.0.26124.0
MinimumVisualStudioVersion = 15.0.26124.0
Project("{FAE04EC0-301F-11D3-BF4B-00C04F79EFBC}") = "bitprim.insight", "bitprim.insight\bitprim.insight.csproj", "{DD8E4787-0CBD-40AA-9BC3-5460E5390F1F}"
EndProject
Project("{FAE04EC0-301F-11D3-BF4B-00C04F79EFBC}") = "bitprim.insight.tutorials", "bitprim.insight.tutorials\bitprim.insight.tutorials.csproj", "{9342D0A1-41BD-4363-AED7-BD8F8F1C95B3}"
EndProject
Project("{FAE04EC0-301F-11D3-BF4B-00C04F79EFBC}") = "bitprim.insight.tutorials.tests", "bitprim.insight.tutorials.tests\bitprim.insight.tutorials.tests.csproj", "{2036C8FD-A668-49BB-9F4E-99BB1321A06F}"
EndProject
Global
	GlobalSection(SolutionConfigurationPlatforms) = preSolution
		Debug|Any CPU = Debug|Any CPU
		Debug|x64 = Debug|x64
		Debug|x86 = Debug|x86
		Release|Any CPU = Release|Any CPU
		Release|x64 = Release|x64
		Release|x86 = Release|x86
	EndGlobalSection
	GlobalSection(SolutionProperties) = preSolution
		HideSolutionNode = FALSE
	EndGlobalSection
	GlobalSection(ProjectConfigurationPlatforms) = postSolution
		{DD8E4787-0CBD-40AA-9BC3-5460E5390F1F}.Debug|Any CPU.ActiveCfg = Debug|Any CPU
		{DD8E4787-0CBD-40AA-9BC3-5460E5390F1F}.Debug|Any CPU.Build.0 = Debug|Any CPU
		{DD8E4787-0CBD-40AA-9BC3-5460E5390F1F}.Debug|x64.ActiveCfg = Debug|x64
		{DD8E4787-0CBD-40AA-9BC3-5460E5390F1F}.Debug|x64.Build.0 = Debug|x64
		{DD8E4787-0CBD-40AA-9BC3-5460E5390F1F}.Debug|x86.ActiveCfg = Debug|x86
		{DD8E4787-0CBD-40AA-9BC3-5460E5390F1F}.Debug|x86.Build.0 = Debug|x86
		{DD8E4787-0CBD-40AA-9BC3-5460E5390F1F}.Release|Any CPU.ActiveCfg = Release|Any CPU
		{DD8E4787-0CBD-40AA-9BC3-5460E5390F1F}.Release|Any CPU.Build.0 = Release|Any CPU
		{DD8E4787-0CBD-40AA-9BC3-5460E5390F1F}.Release|x64.ActiveCfg = Release|x64
		{DD8E4787-0CBD-40AA-9BC3-5460E5390F1F}.Release|x64.Build.0 = Release|x64
		{DD8E4787-0CBD-40AA-9BC3-5460E5390F1F}.Release|x86.ActiveCfg = Release|x86
		{DD8E4787-0CBD-40AA-9BC3-5460E5390F1F}.Release|x86.Build.0 = Release|x86
		{9342D0A1-41BD-4363-AED7-BD8F8F1C95B3}.Debug|Any CPU.ActiveCfg = Debug|Any CPU
		{9342D0A1-41BD-4363-AED7-BD8F8F1C95B3}.Debug|Any CPU.Build.0 = Debug|Any CPU
		{9342D0A1-41BD-4363-AED7-BD8F8F1C95B3}.Debug|x64.ActiveCfg = Debug|x64
		{9342D0A1-41BD-4363-AED7-BD8F8F1C95B3}.Debug|x64.Build.0 = Debug|x64
		{9342D0A1-41BD-4363-AED7-BD8F8F1C95B3}.Debug|x86.ActiveCfg = Debug|x86
		{9342D0A1-41BD-4363-AED7-BD8F8F1C95B3}.Debug|x86.Build.0 = Debug|x86
		{9342D0A1-41BD-4363-AED7-BD8F8F1C95B3}.Release|Any CPU.ActiveCfg = Release|Any CPU
		{9342D0A1-41BD-4363-AED7-BD8F8F1C95B3}.Release|Any CPU.Build.0 = Release|Any CPU
		{9342D0A1-41BD-4363-AED7-BD8F8F1C95B3}.Release|x64.ActiveCfg = Release|x64
		{9342D0A1-41BD-4363-AED7-BD8F8F1C95B3}.Release|x64.Build.0 = Release|x64
		{9342D0A1-41BD-4363-AED7-BD8F8F1C95B3}.Release|x86.ActiveCfg = Release|x86
		{9342D0A1-41BD-4363-AED7-BD8F8F1C95B3}.Release|x86.Build.0 = Release|x86
		{2036C8FD-A668-49BB-9F4E-99BB1321A06F}.Debug|Any CPU.ActiveCfg = Debug|Any CPU
		{2036C8FD-A668-49BB-9F4E-99BB1321A06F}.Debug|Any CPU.Build.0 = Debug|Any CPU
		{2036C8FD-A668-49BB-9F4E-99BB1321A06F}.Debug|x64.ActiveCfg = Debug|x64
		{2036C8FD-A668-49BB-9F4E-99BB1321A06F}.Debug|x64.Build.0 = Debug|x64
		{2036C8FD-A668-49BB-9F4E-99BB1321A06F}.Debug|x86.ActiveCfg = Debug|x86
		{2036C8FD-A668-49BB-9F4E-99BB1321A06F}.Debug|x86.Build.0 = Debug|x86
		{2036C8FD-A668-49BB-9F4E-99BB1321A06F}.Release|Any CPU.ActiveCfg = Release|Any CPU
		{2036C8FD-A668-49BB-9F4E-99BB1321A06F}.Release|Any CPU.Build.0 = Release|Any CPU
		{2036C8FD-A668-49BB-9F4E-99BB1321A06F}.Release|x64.ActiveCfg = Release|x64
		{2036C8FD-A668-49BB-9F4E-99BB1321A06F}.Release|x64.Build.0 = Release|x64
		{2036C8FD-A668-49BB-9F4E-99BB1321A06F}.Release|x86.ActiveCfg = Release|x86
		{2036C8FD-A668-49BB-9F4E-99BB1321A06F}.Release|x86.Build.0 = Release|x86
	EndGlobalSection
EndGlobal
